// !$*UTF8*$!
{
	archiveVersion = 1;
	classes = {
	};
	objectVersion = 56;
	objects = {

/* Begin PBXBuildFile section */
		A82486872AEAF675003C356B /* User.swift in Sources */ = {isa = PBXBuildFile; fileRef = A82486862AEAF675003C356B /* User.swift */; };
		A8451E5F2ADF180500FA3CE0 /* LoginView.swift in Sources */ = {isa = PBXBuildFile; fileRef = A8451E5E2ADF180500FA3CE0 /* LoginView.swift */; };
		A8451E612ADF182500FA3CE0 /* DetailsView.swift in Sources */ = {isa = PBXBuildFile; fileRef = A8451E602ADF182400FA3CE0 /* DetailsView.swift */; };
		A8451E652ADF185800FA3CE0 /* MyJobsView.swift in Sources */ = {isa = PBXBuildFile; fileRef = A8451E642ADF185800FA3CE0 /* MyJobsView.swift */; };
		A8451E692ADF18B200FA3CE0 /* MyListingsView.swift in Sources */ = {isa = PBXBuildFile; fileRef = A8451E682ADF18B200FA3CE0 /* MyListingsView.swift */; };
		A8451E6B2ADF18C600FA3CE0 /* EditInfoView.swift in Sources */ = {isa = PBXBuildFile; fileRef = A8451E6A2ADF18C600FA3CE0 /* EditInfoView.swift */; };
		A87817632AE04B840021625C /* WelcomeView.swift in Sources */ = {isa = PBXBuildFile; fileRef = A87817622AE04B830021625C /* WelcomeView.swift */; };
		A87817652AE04B930021625C /* CreateAccountView.swift in Sources */ = {isa = PBXBuildFile; fileRef = A87817642AE04B930021625C /* CreateAccountView.swift */; };
		A8F2938D2AD9DCD20071F842 /* ProfileView.swift in Sources */ = {isa = PBXBuildFile; fileRef = A8F2938C2AD9DCD20071F842 /* ProfileView.swift */; };
		AF91E8022AFD380200241824 /* JobView.swift in Sources */ = {isa = PBXBuildFile; fileRef = AF91E8012AFD380200241824 /* JobView.swift */; };
		F6B7894D2ACDE8ED00D161BE /* SideJobApp.swift in Sources */ = {isa = PBXBuildFile; fileRef = F6B7894C2ACDE8ED00D161BE /* SideJobApp.swift */; };
		F6B7894F2ACDE8ED00D161BE /* FeedView.swift in Sources */ = {isa = PBXBuildFile; fileRef = F6B7894E2ACDE8ED00D161BE /* FeedView.swift */; };
		F6B789512ACDE8EE00D161BE /* Assets.xcassets in Resources */ = {isa = PBXBuildFile; fileRef = F6B789502ACDE8EE00D161BE /* Assets.xcassets */; };
		F6B789542ACDE8EE00D161BE /* Preview Assets.xcassets in Resources */ = {isa = PBXBuildFile; fileRef = F6B789532ACDE8EE00D161BE /* Preview Assets.xcassets */; };
/* End PBXBuildFile section */

/* Begin PBXFileReference section */
		A82486862AEAF675003C356B /* User.swift */ = {isa = PBXFileReference; lastKnownFileType = sourcecode.swift; path = User.swift; sourceTree = "<group>"; };
		A8451E5E2ADF180500FA3CE0 /* LoginView.swift */ = {isa = PBXFileReference; lastKnownFileType = sourcecode.swift; path = LoginView.swift; sourceTree = "<group>"; };
		A8451E602ADF182400FA3CE0 /* DetailsView.swift */ = {isa = PBXFileReference; lastKnownFileType = sourcecode.swift; path = DetailsView.swift; sourceTree = "<group>"; };
		A8451E642ADF185800FA3CE0 /* MyJobsView.swift */ = {isa = PBXFileReference; lastKnownFileType = sourcecode.swift; path = MyJobsView.swift; sourceTree = "<group>"; };
		A8451E682ADF18B200FA3CE0 /* MyListingsView.swift */ = {isa = PBXFileReference; lastKnownFileType = sourcecode.swift; path = MyListingsView.swift; sourceTree = "<group>"; };
		A8451E6A2ADF18C600FA3CE0 /* EditInfoView.swift */ = {isa = PBXFileReference; lastKnownFileType = sourcecode.swift; path = EditInfoView.swift; sourceTree = "<group>"; };
		A87817622AE04B830021625C /* WelcomeView.swift */ = {isa = PBXFileReference; lastKnownFileType = sourcecode.swift; path = WelcomeView.swift; sourceTree = "<group>"; };
		A87817642AE04B930021625C /* CreateAccountView.swift */ = {isa = PBXFileReference; lastKnownFileType = sourcecode.swift; path = CreateAccountView.swift; sourceTree = "<group>"; };
		A8F2938C2AD9DCD20071F842 /* ProfileView.swift */ = {isa = PBXFileReference; lastKnownFileType = sourcecode.swift; path = ProfileView.swift; sourceTree = "<group>"; };
		AF91E8012AFD380200241824 /* JobView.swift */ = {isa = PBXFileReference; fileEncoding = 4; lastKnownFileType = sourcecode.swift; path = JobView.swift; sourceTree = "<group>"; };
		F6B789492ACDE8ED00D161BE /* SideJob.app */ = {isa = PBXFileReference; explicitFileType = wrapper.application; includeInIndex = 0; path = SideJob.app; sourceTree = BUILT_PRODUCTS_DIR; };
		F6B7894C2ACDE8ED00D161BE /* SideJobApp.swift */ = {isa = PBXFileReference; lastKnownFileType = sourcecode.swift; path = SideJobApp.swift; sourceTree = "<group>"; };
		F6B7894E2ACDE8ED00D161BE /* FeedView.swift */ = {isa = PBXFileReference; lastKnownFileType = sourcecode.swift; name = FeedView.swift; path = SideJob/FeedView.swift; sourceTree = SOURCE_ROOT; };
		F6B789502ACDE8EE00D161BE /* Assets.xcassets */ = {isa = PBXFileReference; lastKnownFileType = folder.assetcatalog; path = Assets.xcassets; sourceTree = "<group>"; };
		F6B789532ACDE8EE00D161BE /* Preview Assets.xcassets */ = {isa = PBXFileReference; lastKnownFileType = folder.assetcatalog; path = "Preview Assets.xcassets"; sourceTree = "<group>"; };
/* End PBXFileReference section */

/* Begin PBXFrameworksBuildPhase section */
		F6B789462ACDE8ED00D161BE /* Frameworks */ = {
			isa = PBXFrameworksBuildPhase;
			buildActionMask = 2147483647;
			files = (
			);
			runOnlyForDeploymentPostprocessing = 0;
		};
/* End PBXFrameworksBuildPhase section */

/* Begin PBXGroup section */
		F6B789402ACDE8ED00D161BE = {
			isa = PBXGroup;
			children = (
				F6B7894B2ACDE8ED00D161BE /* SideJob */,
				F6B7894A2ACDE8ED00D161BE /* Products */,
			);
			sourceTree = "<group>";
		};
		F6B7894A2ACDE8ED00D161BE /* Products */ = {
			isa = PBXGroup;
			children = (
				F6B789492ACDE8ED00D161BE /* SideJob.app */,
			);
			name = Products;
			sourceTree = "<group>";
		};
		F6B7894B2ACDE8ED00D161BE /* SideJob */ = {
			isa = PBXGroup;
			children = (
				A8451E602ADF182400FA3CE0 /* DetailsView.swift */,
				F6B7894C2ACDE8ED00D161BE /* SideJobApp.swift */,
				F6B7894E2ACDE8ED00D161BE /* FeedView.swift */,
				A8F2938C2AD9DCD20071F842 /* ProfileView.swift */,
				A8451E5E2ADF180500FA3CE0 /* LoginView.swift */,
				AF91E8012AFD380200241824 /* JobView.swift */,
				A8451E642ADF185800FA3CE0 /* MyJobsView.swift */,
				A8451E682ADF18B200FA3CE0 /* MyListingsView.swift */,
				A8451E6A2ADF18C600FA3CE0 /* EditInfoView.swift */,
				F6B789502ACDE8EE00D161BE /* Assets.xcassets */,
				F6B789522ACDE8EE00D161BE /* Preview Content */,
				A87817622AE04B830021625C /* WelcomeView.swift */,
				A82486862AEAF675003C356B /* User.swift */,
				A87817642AE04B930021625C /* CreateAccountView.swift */,
			);
			path = SideJob;
			sourceTree = "<group>";
		};
		F6B789522ACDE8EE00D161BE /* Preview Content */ = {
			isa = PBXGroup;
			children = (
				F6B789532ACDE8EE00D161BE /* Preview Assets.xcassets */,
			);
			path = "Preview Content";
			sourceTree = "<group>";
		};
/* End PBXGroup section */

/* Begin PBXNativeTarget section */
		F6B789482ACDE8ED00D161BE /* SideJob */ = {
			isa = PBXNativeTarget;
			buildConfigurationList = F6B789572ACDE8EE00D161BE /* Build configuration list for PBXNativeTarget "SideJob" */;
			buildPhases = (
				F6B789452ACDE8ED00D161BE /* Sources */,
				F6B789462ACDE8ED00D161BE /* Frameworks */,
				F6B789472ACDE8ED00D161BE /* Resources */,
			);
			buildRules = (
			);
			dependencies = (
			);
			name = SideJob;
			productName = SideJob;
			productReference = F6B789492ACDE8ED00D161BE /* SideJob.app */;
			productType = "com.apple.product-type.application";
		};
/* End PBXNativeTarget section */

/* Begin PBXProject section */
		F6B789412ACDE8ED00D161BE /* Project object */ = {
			isa = PBXProject;
			attributes = {
				BuildIndependentTargetsInParallel = 1;
				LastSwiftUpdateCheck = 1500;
				LastUpgradeCheck = 1500;
				TargetAttributes = {
					F6B789482ACDE8ED00D161BE = {
						CreatedOnToolsVersion = 15.0;
					};
				};
			};
			buildConfigurationList = F6B789442ACDE8ED00D161BE /* Build configuration list for PBXProject "SideJob" */;
			compatibilityVersion = "Xcode 14.0";
			developmentRegion = en;
			hasScannedForEncodings = 0;
			knownRegions = (
				en,
				Base,
			);
			mainGroup = F6B789402ACDE8ED00D161BE;
			productRefGroup = F6B7894A2ACDE8ED00D161BE /* Products */;
			projectDirPath = "";
			projectRoot = "";
			targets = (
				F6B789482ACDE8ED00D161BE /* SideJob */,
			);
		};
/* End PBXProject section */

/* Begin PBXResourcesBuildPhase section */
		F6B789472ACDE8ED00D161BE /* Resources */ = {
			isa = PBXResourcesBuildPhase;
			buildActionMask = 2147483647;
			files = (
				F6B789542ACDE8EE00D161BE /* Preview Assets.xcassets in Resources */,
				F6B789512ACDE8EE00D161BE /* Assets.xcassets in Resources */,
			);
			runOnlyForDeploymentPostprocessing = 0;
		};
/* End PBXResourcesBuildPhase section */

/* Begin PBXSourcesBuildPhase section */
		F6B789452ACDE8ED00D161BE /* Sources */ = {
			isa = PBXSourcesBuildPhase;
			buildActionMask = 2147483647;
			files = (
				F6B7894F2ACDE8ED00D161BE /* FeedView.swift in Sources */,
				A8451E692ADF18B200FA3CE0 /* MyListingsView.swift in Sources */,
				A8451E6B2ADF18C600FA3CE0 /* EditInfoView.swift in Sources */,
				A8451E612ADF182500FA3CE0 /* DetailsView.swift in Sources */,
				A87817652AE04B930021625C /* CreateAccountView.swift in Sources */,
				A87817632AE04B840021625C /* WelcomeView.swift in Sources */,
				AF91E8022AFD380200241824 /* JobView.swift in Sources */,
				A8451E652ADF185800FA3CE0 /* MyJobsView.swift in Sources */,
				A8F2938D2AD9DCD20071F842 /* ProfileView.swift in Sources */,
				A8451E5F2ADF180500FA3CE0 /* LoginView.swift in Sources */,
				F6B7894D2ACDE8ED00D161BE /* SideJobApp.swift in Sources */,
				A82486872AEAF675003C356B /* User.swift in Sources */,
			);
			runOnlyForDeploymentPostprocessing = 0;
		};
/* End PBXSourcesBuildPhase section */

/* Begin XCBuildConfiguration section */
		F6B789552ACDE8EE00D161BE /* Debug */ = {
			isa = XCBuildConfiguration;
			buildSettings = {
				ALWAYS_SEARCH_USER_PATHS = NO;
				ASSETCATALOG_COMPILER_GENERATE_SWIFT_ASSET_SYMBOL_EXTENSIONS = YES;
				CLANG_ANALYZER_NONNULL = YES;
				CLANG_ANALYZER_NUMBER_OBJECT_CONVERSION = YES_AGGRESSIVE;
				CLANG_CXX_LANGUAGE_STANDARD = "gnu++20";
				CLANG_ENABLE_MODULES = YES;
				CLANG_ENABLE_OBJC_ARC = YES;
				CLANG_ENABLE_OBJC_WEAK = YES;
				CLANG_WARN_BLOCK_CAPTURE_AUTORELEASING = YES;
				CLANG_WARN_BOOL_CONVERSION = YES;
				CLANG_WARN_COMMA = YES;
				CLANG_WARN_CONSTANT_CONVERSION = YES;
				CLANG_WARN_DEPRECATED_OBJC_IMPLEMENTATIONS = YES;
				CLANG_WARN_DIRECT_OBJC_ISA_USAGE = YES_ERROR;
				CLANG_WARN_DOCUMENTATION_COMMENTS = YES;
				CLANG_WARN_EMPTY_BODY = YES;
				CLANG_WARN_ENUM_CONVERSION = YES;
				CLANG_WARN_INFINITE_RECURSION = YES;
				CLANG_WARN_INT_CONVERSION = YES;
				CLANG_WARN_NON_LITERAL_NULL_CONVERSION = YES;
				CLANG_WARN_OBJC_IMPLICIT_RETAIN_SELF = YES;
				CLANG_WARN_OBJC_LITERAL_CONVERSION = YES;
				CLANG_WARN_OBJC_ROOT_CLASS = YES_ERROR;
				CLANG_WARN_QUOTED_INCLUDE_IN_FRAMEWORK_HEADER = YES;
				CLANG_WARN_RANGE_LOOP_ANALYSIS = YES;
				CLANG_WARN_STRICT_PROTOTYPES = YES;
				CLANG_WARN_SUSPICIOUS_MOVE = YES;
				CLANG_WARN_UNGUARDED_AVAILABILITY = YES_AGGRESSIVE;
				CLANG_WARN_UNREACHABLE_CODE = YES;
				CLANG_WARN__DUPLICATE_METHOD_MATCH = YES;
				COPY_PHASE_STRIP = NO;
				DEBUG_INFORMATION_FORMAT = dwarf;
				ENABLE_STRICT_OBJC_MSGSEND = YES;
				ENABLE_TESTABILITY = YES;
				ENABLE_USER_SCRIPT_SANDBOXING = YES;
				GCC_C_LANGUAGE_STANDARD = gnu17;
				GCC_DYNAMIC_NO_PIC = NO;
				GCC_NO_COMMON_BLOCKS = YES;
				GCC_OPTIMIZATION_LEVEL = 0;
				GCC_PREPROCESSOR_DEFINITIONS = (
					"DEBUG=1",
					"$(inherited)",
				);
				GCC_WARN_64_TO_32_BIT_CONVERSION = YES;
				GCC_WARN_ABOUT_RETURN_TYPE = YES_ERROR;
				GCC_WARN_UNDECLARED_SELECTOR = YES;
				GCC_WARN_UNINITIALIZED_AUTOS = YES_AGGRESSIVE;
				GCC_WARN_UNUSED_FUNCTION = YES;
				GCC_WARN_UNUSED_VARIABLE = YES;
				IPHONEOS_DEPLOYMENT_TARGET = 16.0;
				LOCALIZATION_PREFERS_STRING_CATALOGS = YES;
				MTL_ENABLE_DEBUG_INFO = INCLUDE_SOURCE;
				MTL_FAST_MATH = YES;
				ONLY_ACTIVE_ARCH = YES;
				SDKROOT = iphoneos;
				SWIFT_ACTIVE_COMPILATION_CONDITIONS = "DEBUG $(inherited)";
				SWIFT_OPTIMIZATION_LEVEL = "-Onone";
			};
			name = Debug;
		};
		F6B789562ACDE8EE00D161BE /* Release */ = {
			isa = XCBuildConfiguration;
			buildSettings = {
				ALWAYS_SEARCH_USER_PATHS = NO;
				ASSETCATALOG_COMPILER_GENERATE_SWIFT_ASSET_SYMBOL_EXTENSIONS = YES;
				CLANG_ANALYZER_NONNULL = YES;
				CLANG_ANALYZER_NUMBER_OBJECT_CONVERSION = YES_AGGRESSIVE;
				CLANG_CXX_LANGUAGE_STANDARD = "gnu++20";
				CLANG_ENABLE_MODULES = YES;
				CLANG_ENABLE_OBJC_ARC = YES;
				CLANG_ENABLE_OBJC_WEAK = YES;
				CLANG_WARN_BLOCK_CAPTURE_AUTORELEASING = YES;
				CLANG_WARN_BOOL_CONVERSION = YES;
				CLANG_WARN_COMMA = YES;
				CLANG_WARN_CONSTANT_CONVERSION = YES;
				CLANG_WARN_DEPRECATED_OBJC_IMPLEMENTATIONS = YES;
				CLANG_WARN_DIRECT_OBJC_ISA_USAGE = YES_ERROR;
				CLANG_WARN_DOCUMENTATION_COMMENTS = YES;
				CLANG_WARN_EMPTY_BODY = YES;
				CLANG_WARN_ENUM_CONVERSION = YES;
				CLANG_WARN_INFINITE_RECURSION = YES;
				CLANG_WARN_INT_CONVERSION = YES;
				CLANG_WARN_NON_LITERAL_NULL_CONVERSION = YES;
				CLANG_WARN_OBJC_IMPLICIT_RETAIN_SELF = YES;
				CLANG_WARN_OBJC_LITERAL_CONVERSION = YES;
				CLANG_WARN_OBJC_ROOT_CLASS = YES_ERROR;
				CLANG_WARN_QUOTED_INCLUDE_IN_FRAMEWORK_HEADER = YES;
				CLANG_WARN_RANGE_LOOP_ANALYSIS = YES;
				CLANG_WARN_STRICT_PROTOTYPES = YES;
				CLANG_WARN_SUSPICIOUS_MOVE = YES;
				CLANG_WARN_UNGUARDED_AVAILABILITY = YES_AGGRESSIVE;
				CLANG_WARN_UNREACHABLE_CODE = YES;
				CLANG_WARN__DUPLICATE_METHOD_MATCH = YES;
				COPY_PHASE_STRIP = NO;
				DEBUG_INFORMATION_FORMAT = "dwarf-with-dsym";
				ENABLE_NS_ASSERTIONS = NO;
				ENABLE_STRICT_OBJC_MSGSEND = YES;
				ENABLE_USER_SCRIPT_SANDBOXING = YES;
				GCC_C_LANGUAGE_STANDARD = gnu17;
				GCC_NO_COMMON_BLOCKS = YES;
				GCC_WARN_64_TO_32_BIT_CONVERSION = YES;
				GCC_WARN_ABOUT_RETURN_TYPE = YES_ERROR;
				GCC_WARN_UNDECLARED_SELECTOR = YES;
				GCC_WARN_UNINITIALIZED_AUTOS = YES_AGGRESSIVE;
				GCC_WARN_UNUSED_FUNCTION = YES;
				GCC_WARN_UNUSED_VARIABLE = YES;
				IPHONEOS_DEPLOYMENT_TARGET = 16.0;
				LOCALIZATION_PREFERS_STRING_CATALOGS = YES;
				MTL_ENABLE_DEBUG_INFO = NO;
				MTL_FAST_MATH = YES;
				SDKROOT = iphoneos;
				SWIFT_COMPILATION_MODE = wholemodule;
				VALIDATE_PRODUCT = YES;
			};
			name = Release;
		};
		F6B789582ACDE8EE00D161BE /* Debug */ = {
			isa = XCBuildConfiguration;
			buildSettings = {
				ASSETCATALOG_COMPILER_APPICON_NAME = AppIcon;
				ASSETCATALOG_COMPILER_GLOBAL_ACCENT_COLOR_NAME = AccentColor;
				CODE_SIGN_STYLE = Automatic;
				CURRENT_PROJECT_VERSION = 1;
				DEVELOPMENT_ASSET_PATHS = "\"SideJob/Preview Content\"";
				ENABLE_PREVIEWS = YES;
				GENERATE_INFOPLIST_FILE = YES;
				INFOPLIST_KEY_UIApplicationSceneManifest_Generation = YES;
				INFOPLIST_KEY_UIApplicationSupportsIndirectInputEvents = YES;
				INFOPLIST_KEY_UILaunchScreen_Generation = YES;
				INFOPLIST_KEY_UISupportedInterfaceOrientations_iPad = "UIInterfaceOrientationPortrait UIInterfaceOrientationPortraitUpsideDown UIInterfaceOrientationLandscapeLeft UIInterfaceOrientationLandscapeRight";
				INFOPLIST_KEY_UISupportedInterfaceOrientations_iPhone = "UIInterfaceOrientationPortrait UIInterfaceOrientationLandscapeLeft UIInterfaceOrientationLandscapeRight";
				IPHONEOS_DEPLOYMENT_TARGET = 16.0;
				LD_RUNPATH_SEARCH_PATHS = (
					"$(inherited)",
					"@executable_path/Frameworks",
				);
				MARKETING_VERSION = 1.0;
				PRODUCT_BUNDLE_IDENTIFIER = qwarden.SideJob;
				PRODUCT_NAME = "$(TARGET_NAME)";
				SWIFT_EMIT_LOC_STRINGS = YES;
				SWIFT_VERSION = 5.0;
				TARGETED_DEVICE_FAMILY = 1;
			};
			name = Debug;
		};
		F6B789592ACDE8EE00D161BE /* Release */ = {
			isa = XCBuildConfiguration;
			buildSettings = {
				ASSETCATALOG_COMPILER_APPICON_NAME = AppIcon;
				ASSETCATALOG_COMPILER_GLOBAL_ACCENT_COLOR_NAME = AccentColor;
				CODE_SIGN_STYLE = Automatic;
				CURRENT_PROJECT_VERSION = 1;
				DEVELOPMENT_ASSET_PATHS = "\"SideJob/Preview Content\"";
				ENABLE_PREVIEWS = YES;
				GENERATE_INFOPLIST_FILE = YES;
				INFOPLIST_KEY_UIApplicationSceneManifest_Generation = YES;
				INFOPLIST_KEY_UIApplicationSupportsIndirectInputEvents = YES;
				INFOPLIST_KEY_UILaunchScreen_Generation = YES;
				INFOPLIST_KEY_UISupportedInterfaceOrientations_iPad = "UIInterfaceOrientationPortrait UIInterfaceOrientationPortraitUpsideDown UIInterfaceOrientationLandscapeLeft UIInterfaceOrientationLandscapeRight";
				INFOPLIST_KEY_UISupportedInterfaceOrientations_iPhone = "UIInterfaceOrientationPortrait UIInterfaceOrientationLandscapeLeft UIInterfaceOrientationLandscapeRight";
				IPHONEOS_DEPLOYMENT_TARGET = 16.0;
				LD_RUNPATH_SEARCH_PATHS = (
					"$(inherited)",
					"@executable_path/Frameworks",
				);
				MARKETING_VERSION = 1.0;
				PRODUCT_BUNDLE_IDENTIFIER = qwarden.SideJob;
				PRODUCT_NAME = "$(TARGET_NAME)";
				SWIFT_EMIT_LOC_STRINGS = YES;
				SWIFT_VERSION = 5.0;
				TARGETED_DEVICE_FAMILY = 1;
			};
			name = Release;
		};
/* End XCBuildConfiguration section */

/* Begin XCConfigurationList section */
		F6B789442ACDE8ED00D161BE /* Build configuration list for PBXProject "SideJob" */ = {
			isa = XCConfigurationList;
			buildConfigurations = (
				F6B789552ACDE8EE00D161BE /* Debug */,
				F6B789562ACDE8EE00D161BE /* Release */,
			);
			defaultConfigurationIsVisible = 0;
			defaultConfigurationName = Release;
		};
		F6B789572ACDE8EE00D161BE /* Build configuration list for PBXNativeTarget "SideJob" */ = {
			isa = XCConfigurationList;
			buildConfigurations = (
				F6B789582ACDE8EE00D161BE /* Debug */,
				F6B789592ACDE8EE00D161BE /* Release */,
			);
			defaultConfigurationIsVisible = 0;
			defaultConfigurationName = Release;
		};
/* End XCConfigurationList section */
	};
	rootObject = F6B789412ACDE8ED00D161BE /* Project object */;
}
